
Microsoft Visual Studio Solution File, Format Version 12.00
# Visual Studio Version 17
VisualStudioVersion = 17.10.35013.160
MinimumVisualStudioVersion = 10.0.40219.1
Project("{FAE04EC0-301F-11D3-BF4B-00C04F79EFBC}") = "DistributedLockTraining.Api", "DistributedLockTraining.Api\DistributedLockTraining.Api.csproj", "{8BDC16D4-374D-4785-A5B2-08EF6ABCCD31}"
EndProject
Project("{FAE04EC0-301F-11D3-BF4B-00C04F79EFBC}") = "DistributedLockTraining.Application", "DistributedLockTraining.Application\DistributedLockTraining.Application.csproj", "{B89D50C2-44FF-45C8-A4E0-2364E76A7CBD}"
EndProject
Project("{FAE04EC0-301F-11D3-BF4B-00C04F79EFBC}") = "DistributedLockTraining.Domain", "DistributedLockTraining.Domain\DistributedLockTraining.Domain.csproj", "{0301F8A1-DFF2-41B2-AF86-0EC97682FAE4}"
EndProject
Project("{FAE04EC0-301F-11D3-BF4B-00C04F79EFBC}") = "DistributedLockTraining.Infrastructure", "DistributedLockTraining.Infrastructure\DistributedLockTraining.Infrastructure.csproj", "{0EA80ACE-5A2E-4938-872D-A48B86D07A0B}"
EndProject
Global
	GlobalSection(SolutionConfigurationPlatforms) = preSolution
		Debug|Any CPU = Debug|Any CPU
		Release|Any CPU = Release|Any CPU
	EndGlobalSection
	GlobalSection(ProjectConfigurationPlatforms) = postSolution
		{8BDC16D4-374D-4785-A5B2-08EF6ABCCD31}.Debug|Any CPU.ActiveCfg = Debug|Any CPU
		{8BDC16D4-374D-4785-A5B2-08EF6ABCCD31}.Debug|Any CPU.Build.0 = Debug|Any CPU
		{8BDC16D4-374D-4785-A5B2-08EF6ABCCD31}.Release|Any CPU.ActiveCfg = Release|Any CPU
		{8BDC16D4-374D-4785-A5B2-08EF6ABCCD31}.Release|Any CPU.Build.0 = Release|Any CPU
		{B89D50C2-44FF-45C8-A4E0-2364E76A7CBD}.Debug|Any CPU.ActiveCfg = Debug|Any CPU
		{B89D50C2-44FF-45C8-A4E0-2364E76A7CBD}.Debug|Any CPU.Build.0 = Debug|Any CPU
		{B89D50C2-44FF-45C8-A4E0-2364E76A7CBD}.Release|Any CPU.ActiveCfg = Release|Any CPU
		{B89D50C2-44FF-45C8-A4E0-2364E76A7CBD}.Release|Any CPU.Build.0 = Release|Any CPU
		{0301F8A1-DFF2-41B2-AF86-0EC97682FAE4}.Debug|Any CPU.ActiveCfg = Debug|Any CPU
		{0301F8A1-DFF2-41B2-AF86-0EC97682FAE4}.Debug|Any CPU.Build.0 = Debug|Any CPU
		{0301F8A1-DFF2-41B2-AF86-0EC97682FAE4}.Release|Any CPU.ActiveCfg = Release|Any CPU
		{0301F8A1-DFF2-41B2-AF86-0EC97682FAE4}.Release|Any CPU.Build.0 = Release|Any CPU
		{0EA80ACE-5A2E-4938-872D-A48B86D07A0B}.Debug|Any CPU.ActiveCfg = Debug|Any CPU
		{0EA80ACE-5A2E-4938-872D-A48B86D07A0B}.Debug|Any CPU.Build.0 = Debug|Any CPU
		{0EA80ACE-5A2E-4938-872D-A48B86D07A0B}.Release|Any CPU.ActiveCfg = Release|Any CPU
		{0EA80ACE-5A2E-4938-872D-A48B86D07A0B}.Release|Any CPU.Build.0 = Release|Any CPU
	EndGlobalSection
	GlobalSection(SolutionProperties) = preSolution
		HideSolutionNode = FALSE
	EndGlobalSection
	GlobalSection(ExtensibilityGlobals) = postSolution
		SolutionGuid = {7565F372-866E-40DB-B548-90ACE9E8AA61}
	EndGlobalSection
EndGlobal
